
Microsoft Visual Studio Solution File, Format Version 12.00
# Visual Studio 15
VisualStudioVersion = 15.0.28307.1972
MinimumVisualStudioVersion = 10.0.40219.1
Project("{FAE04EC0-301F-11D3-BF4B-00C04F79EFBC}") = "WebScrapingImpressoras", "WebScrapingImpressoras\WebScrapingImpressoras.csproj", "{6499BDE7-1134-44EE-8EAB-75588FB60EDA}"
EndProject
Project("{FAE04EC0-301F-11D3-BF4B-00C04F79EFBC}") = "DAL", "DAL\DAL.csproj", "{F607B059-B657-419F-ADC8-9DB1A3A5E942}"
EndProject
Global
	GlobalSection(SolutionConfigurationPlatforms) = preSolution
		Debug|Any CPU = Debug|Any CPU
		Release|Any CPU = Release|Any CPU
	EndGlobalSection
	GlobalSection(ProjectConfigurationPlatforms) = postSolution
		{6499BDE7-1134-44EE-8EAB-75588FB60EDA}.Debug|Any CPU.ActiveCfg = Debug|Any CPU
		{6499BDE7-1134-44EE-8EAB-75588FB60EDA}.Debug|Any CPU.Build.0 = Debug|Any CPU
		{6499BDE7-1134-44EE-8EAB-75588FB60EDA}.Release|Any CPU.ActiveCfg = Release|Any CPU
		{6499BDE7-1134-44EE-8EAB-75588FB60EDA}.Release|Any CPU.Build.0 = Release|Any CPU
		{F607B059-B657-419F-ADC8-9DB1A3A5E942}.Debug|Any CPU.ActiveCfg = Debug|Any CPU
		{F607B059-B657-419F-ADC8-9DB1A3A5E942}.Debug|Any CPU.Build.0 = Debug|Any CPU
		{F607B059-B657-419F-ADC8-9DB1A3A5E942}.Release|Any CPU.ActiveCfg = Release|Any CPU
		{F607B059-B657-419F-ADC8-9DB1A3A5E942}.Release|Any CPU.Build.0 = Release|Any CPU
	EndGlobalSection
	GlobalSection(SolutionProperties) = preSolution
		HideSolutionNode = FALSE
	EndGlobalSection
	GlobalSection(ExtensibilityGlobals) = postSolution
		SolutionGuid = {A0A48353-B584-44A6-B2AC-D16CD29047BC}
	EndGlobalSection
EndGlobal
